PODS:
  - blinklink_feed (0.1.0):
    - BlinklinkFeed (~> 0.1)
    - Flutter
  - BlinklinkFeed (0.1.0):
    - Connect-Swift (~> 1.0)
    - SwiftProtobuf (~> 1.27)
  - Connect-Swift (1.2.1):
    - SwiftProtobuf (~> 1.30.0)
  - Flutter (1.0.0)
  - integration_test (0.0.1):
    - Flutter
  - SwiftProtobuf (1.30.0)

DEPENDENCIES:
  - blinklink_feed (from `.symlinks/plugins/blinklink_feed/ios`)
  - Flutter (from `Flutter`)
  - integration_test (from `.symlinks/plugins/integration_test/ios`)

SPEC REPOS:
  trunk:
    - BlinklinkFeed
    - Connect-Swift
    - SwiftProtobuf

EXTERNAL SOURCES:
  blinklink_feed:
    :path: ".symlinks/plugins/blinklink_feed/ios"
  Flutter:
    :path: Flutter
  integration_test:
    :path: ".symlinks/plugins/integration_test/ios"

SPEC CHECKSUMS:
  blinklink_feed: d27a70fd80a1b9b6ab374744ef8c086991a33d3c
  BlinklinkFeed: 3c577732973ef01dcad96d342a8381f7ad55405c
  Connect-Swift: 8550afdb45aaea9f527d29c74f7224bf78e2bc26
  Flutter: cabc95a1d2626b1b06e7179b784ebcf0c0cde467
  integration_test: 4a889634ef21a45d28d50d622cf412dc6d9f586e
  SwiftProtobuf: 3697407f0d5b23bedeba9c2eaaf3ec6fdff69349

PODFILE CHECKSUM: 2985a7d963bc1d89fb9a5231905015c0982c117a

COCOAPODS: 1.17.0
